
Microsoft Visual Studio Solution File, Format Version 12.00
# Visual Studio Version 16
VisualStudioVersion = 16.0.32228.343
MinimumVisualStudioVersion = 10.0.40219.1
Project("{FAE04EC0-301F-11D3-BF4B-00C04F79EFBC}") = "Sem6Encalada.Android", "Sem6Encalada.Android\Sem6Encalada.Android.csproj", "{0B03C550-D8B2-45E5-B404-4E8FEE29B4B9}"
EndProject
Project("{FAE04EC0-301F-11D3-BF4B-00C04F79EFBC}") = "Sem6Encalada.iOS", "Sem6Encalada.iOS\Sem6Encalada.iOS.csproj", "{357495BF-2642-44EE-B1B8-35A1474B6F70}"
EndProject
Project("{FAE04EC0-301F-11D3-BF4B-00C04F79EFBC}") = "Sem6Encalada", "Sem6Encalada\Sem6Encalada.csproj", "{B26BDFB3-CD6E-484D-8C73-6F0B467E120B}"
EndProject
Global
	GlobalSection(SolutionConfigurationPlatforms) = preSolution
		Debug|Any CPU = Debug|Any CPU
		Debug|iPhone = Debug|iPhone
		Debug|iPhoneSimulator = Debug|iPhoneSimulator
		Release|Any CPU = Release|Any CPU
		Release|iPhone = Release|iPhone
		Release|iPhoneSimulator = Release|iPhoneSimulator
	EndGlobalSection
	GlobalSection(ProjectConfigurationPlatforms) = postSolution
		{0B03C550-D8B2-45E5-B404-4E8FEE29B4B9}.Debug|Any CPU.ActiveCfg = Debug|Any CPU
		{0B03C550-D8B2-45E5-B404-4E8FEE29B4B9}.Debug|Any CPU.Build.0 = Debug|Any CPU
		{0B03C550-D8B2-45E5-B404-4E8FEE29B4B9}.Debug|Any CPU.Deploy.0 = Debug|Any CPU
		{0B03C550-D8B2-45E5-B404-4E8FEE29B4B9}.Debug|iPhone.ActiveCfg = Debug|Any CPU
		{0B03C550-D8B2-45E5-B404-4E8FEE29B4B9}.Debug|iPhone.Build.0 = Debug|Any CPU
		{0B03C550-D8B2-45E5-B404-4E8FEE29B4B9}.Debug|iPhone.Deploy.0 = Debug|Any CPU
		{0B03C550-D8B2-45E5-B404-4E8FEE29B4B9}.Debug|iPhoneSimulator.ActiveCfg = Debug|Any CPU
		{0B03C550-D8B2-45E5-B404-4E8FEE29B4B9}.Debug|iPhoneSimulator.Build.0 = Debug|Any CPU
		{0B03C550-D8B2-45E5-B404-4E8FEE29B4B9}.Debug|iPhoneSimulator.Deploy.0 = Debug|Any CPU
		{0B03C550-D8B2-45E5-B404-4E8FEE29B4B9}.Release|Any CPU.ActiveCfg = Release|Any CPU
		{0B03C550-D8B2-45E5-B404-4E8FEE29B4B9}.Release|Any CPU.Build.0 = Release|Any CPU
		{0B03C550-D8B2-45E5-B404-4E8FEE29B4B9}.Release|Any CPU.Deploy.0 = Release|Any CPU
		{0B03C550-D8B2-45E5-B404-4E8FEE29B4B9}.Release|iPhone.ActiveCfg = Release|Any CPU
		{0B03C550-D8B2-45E5-B404-4E8FEE29B4B9}.Release|iPhone.Build.0 = Release|Any CPU
		{0B03C550-D8B2-45E5-B404-4E8FEE29B4B9}.Release|iPhone.Deploy.0 = Release|Any CPU
		{0B03C550-D8B2-45E5-B404-4E8FEE29B4B9}.Release|iPhoneSimulator.ActiveCfg = Release|Any CPU
		{0B03C550-D8B2-45E5-B404-4E8FEE29B4B9}.Release|iPhoneSimulator.Build.0 = Release|Any CPU
		{0B03C550-D8B2-45E5-B404-4E8FEE29B4B9}.Release|iPhoneSimulator.Deploy.0 = Release|Any CPU
		{357495BF-2642-44EE-B1B8-35A1474B6F70}.Debug|Any CPU.ActiveCfg = Debug|iPhone
		{357495BF-2642-44EE-B1B8-35A1474B6F70}.Debug|Any CPU.Build.0 = Debug|iPhone
		{357495BF-2642-44EE-B1B8-35A1474B6F70}.Debug|Any CPU.Deploy.0 = Debug|iPhone
		{357495BF-2642-44EE-B1B8-35A1474B6F70}.Debug|iPhone.ActiveCfg = Debug|iPhone
		{357495BF-2642-44EE-B1B8-35A1474B6F70}.Debug|iPhone.Build.0 = Debug|iPhone
		{357495BF-2642-44EE-B1B8-35A1474B6F70}.Debug|iPhone.Deploy.0 = Debug|iPhone
		{357495BF-2642-44EE-B1B8-35A1474B6F70}.Debug|iPhoneSimulator.ActiveCfg = Debug|iPhoneSimulator
		{357495BF-2642-44EE-B1B8-35A1474B6F70}.Debug|iPhoneSimulator.Build.0 = Debug|iPhoneSimulator
		{357495BF-2642-44EE-B1B8-35A1474B6F70}.Debug|iPhoneSimulator.Deploy.0 = Debug|iPhoneSimulator
		{357495BF-2642-44EE-B1B8-35A1474B6F70}.Release|Any CPU.ActiveCfg = Release|iPhoneSimulator
		{357495BF-2642-44EE-B1B8-35A1474B6F70}.Release|Any CPU.Build.0 = Release|iPhoneSimulator
		{357495BF-2642-44EE-B1B8-35A1474B6F70}.Release|Any CPU.Deploy.0 = Release|iPhoneSimulator
		{357495BF-2642-44EE-B1B8-35A1474B6F70}.Release|iPhone.ActiveCfg = Release|iPhone
		{357495BF-2642-44EE-B1B8-35A1474B6F70}.Release|iPhone.Build.0 = Release|iPhone
		{357495BF-2642-44EE-B1B8-35A1474B6F70}.Release|iPhone.Deploy.0 = Release|iPhone
		{357495BF-2642-44EE-B1B8-35A1474B6F70}.Release|iPhoneSimulator.ActiveCfg = Release|iPhoneSimulator
		{357495BF-2642-44EE-B1B8-35A1474B6F70}.Release|iPhoneSimulator.Build.0 = Release|iPhoneSimulator
		{357495BF-2642-44EE-B1B8-35A1474B6F70}.Release|iPhoneSimulator.Deploy.0 = Release|iPhoneSimulator
		{B26BDFB3-CD6E-484D-8C73-6F0B467E120B}.Debug|Any CPU.ActiveCfg = Debug|Any CPU
		{B26BDFB3-CD6E-484D-8C73-6F0B467E120B}.Debug|Any CPU.Build.0 = Debug|Any CPU
		{B26BDFB3-CD6E-484D-8C73-6F0B467E120B}.Debug|Any CPU.Deploy.0 = Debug|Any CPU
		{B26BDFB3-CD6E-484D-8C73-6F0B467E120B}.Debug|iPhone.ActiveCfg = Debug|Any CPU
		{B26BDFB3-CD6E-484D-8C73-6F0B467E120B}.Debug|iPhone.Build.0 = Debug|Any CPU
		{B26BDFB3-CD6E-484D-8C73-6F0B467E120B}.Debug|iPhone.Deploy.0 = Debug|Any CPU
		{B26BDFB3-CD6E-484D-8C73-6F0B467E120B}.Debug|iPhoneSimulator.ActiveCfg = Debug|Any CPU
		{B26BDFB3-CD6E-484D-8C73-6F0B467E120B}.Debug|iPhoneSimulator.Build.0 = Debug|Any CPU
		{B26BDFB3-CD6E-484D-8C73-6F0B467E120B}.Debug|iPhoneSimulator.Deploy.0 = Debug|Any CPU
		{B26BDFB3-CD6E-484D-8C73-6F0B467E120B}.Release|Any CPU.ActiveCfg = Release|Any CPU
		{B26BDFB3-CD6E-484D-8C73-6F0B467E120B}.Release|Any CPU.Build.0 = Release|Any CPU
		{B26BDFB3-CD6E-484D-8C73-6F0B467E120B}.Release|Any CPU.Deploy.0 = Release|Any CPU
		{B26BDFB3-CD6E-484D-8C73-6F0B467E120B}.Release|iPhone.ActiveCfg = Release|Any CPU
		{B26BDFB3-CD6E-484D-8C73-6F0B467E120B}.Release|iPhone.Build.0 = Release|Any CPU
		{B26BDFB3-CD6E-484D-8C73-6F0B467E120B}.Release|iPhone.Deploy.0 = Release|Any CPU
		{B26BDFB3-CD6E-484D-8C73-6F0B467E120B}.Release|iPhoneSimulator.ActiveCfg = Release|Any CPU
		{B26BDFB3-CD6E-484D-8C73-6F0B467E120B}.Release|iPhoneSimulator.Build.0 = Release|Any CPU
		{B26BDFB3-CD6E-484D-8C73-6F0B467E120B}.Release|iPhoneSimulator.Deploy.0 = Release|Any CPU
	EndGlobalSection
	GlobalSection(SolutionProperties) = preSolution
		HideSolutionNode = FALSE
	EndGlobalSection
	GlobalSection(ExtensibilityGlobals) = postSolution
		SolutionGuid = {D03EB5CE-A792-475B-BEB4-57FBE4CBA5E4}
	EndGlobalSection
EndGlobal
